
Microsoft Visual Studio Solution File, Format Version 12.00
# Visual Studio Version 17
VisualStudioVersion = 17.11.35312.102
MinimumVisualStudioVersion = 10.0.40219.1
Project("{9A19103F-16F7-4668-BE54-9A1E7A4F7556}") = "NeutronSharpWebview", "src\NeutronSharpWebview\NeutronSharpWebview.csproj", "{54092274-A572-412C-9FCD-0DD1CFA2E316}"
EndProject
Global
	GlobalSection(SolutionConfigurationPlatforms) = preSolution
		Debug|Any CPU = Debug|Any CPU
		Release|Any CPU = Release|Any CPU
	EndGlobalSection
	GlobalSection(ProjectConfigurationPlatforms) = postSolution
		{54092274-A572-412C-9FCD-0DD1CFA2E316}.Debug|Any CPU.ActiveCfg = Debug|Any CPU
		{54092274-A572-412C-9FCD-0DD1CFA2E316}.Debug|Any CPU.Build.0 = Debug|Any CPU
		{54092274-A572-412C-9FCD-0DD1CFA2E316}.Release|Any CPU.ActiveCfg = Release|Any CPU
		{54092274-A572-412C-9FCD-0DD1CFA2E316}.Release|Any CPU.Build.0 = Release|Any CPU
	EndGlobalSection
	GlobalSection(SolutionProperties) = preSolution
		HideSolutionNode = FALSE
	EndGlobalSection
	GlobalSection(ExtensibilityGlobals) = postSolution
		SolutionGuid = {5E3AD1F5-67FB-4342-A767-6449CD8E1574}
	EndGlobalSection
EndGlobal
